{
  "name": "tea-attic",
  "version": "1.0.0",
  "lockfileVersion": 3,
  "requires": true,
  "packages": {
    "": {
      "name": "tea-attic",
      "version": "1.0.0",
      "license": "ISC",
      "dependencies": {
        "tea-attic": "^1.0.0"
      }
    },
    "node_modules/tea-attic": {
      "version": "1.0.0",
      "resolved": "https://registry.npmjs.org/tea-attic/-/tea-attic-1.0.0.tgz",
      "integrity": "sha512-WkkKCsu6boZW3IFPRp5MUK3v3u4IRTuo2rZSpVjXEE5lQGEALqdVHugSilicaTyR7v06q8WuS5cNVqBdFNBU4Q=="
    }
  }
}
